name: Integrate CTS 2.0 full-video reference match

on:
  push:
    branches: [android]
    paths:
      - ".github/workflows/integrate-cts2-reference-lock.yml"
  workflow_dispatch:

permissions:
  contents: write

jobs:
  integrate-build-test:
    runs-on: ubuntu-latest
    steps:
      - name: Check out Android branch
        uses: actions/checkout@v4
        with:
          ref: android

      - name: Apply CTS 2.0 Cards workspace
        run: python tools/apply_cts2_cards_workspace.py

      - name: Seal reference model behaviour
        run: python tools/lock_android_reference_models.py

      - name: Normalize measured-pass compatibility
        shell: bash
        run: |
          python - <<'PY'
          from pathlib import Path
          path = Path('tools/apply_cts2_measured_reference_timeline.py')
          text = path.read_text()
          old = 'elif "shippedReferenceModelCannotBeRetimedOrReformattedByTheApp" not in pt:'
          new = 'elif "shippedReferenceModelCannotBeRetimedOrReformattedByTheApp" not in pt and "referenceModelRejectsCustomVideoFormatAndMode" not in pt:'
          if old in text:
              path.write_text(text.replace(old, new, 1))
          PY

      - name: Apply whole-video measured clocks
        run: python tools/apply_cts2_measured_reference_timeline.py

      - name: Verify source invariants
        shell: bash
        run: |
          git diff --check
          grep -q 'versionCode = 20000' android/app/build.gradle.kts
          grep -q 'versionName = "2.0.0"' android/app/build.gradle.kts
          grep -q 'const val EXACT_REFERENCE_PLAYBACK_RATE = 1f' android/app/src/main/java/io/github/retrofrost/cts/android/timeline/TimelineEngine.kt
          grep -q 'MALES_STEADY_END_FRAME = 16_335' android/app/src/main/java/io/github/retrofrost/cts/android/timeline/TimelineEngine.kt
          grep -q 'MALES_OUTRO_START_FRAME = 16_372' android/app/src/main/java/io/github/retrofrost/cts/android/timeline/TimelineEngine.kt
          grep -q 'colors = titleFieldColors2()' android/app/src/main/java/io/github/retrofrost/cts/android/ui/CardsWorkspace2.kt
          grep -q 'focusedContainerColor = Color.White' android/app/src/main/java/io/github/retrofrost/cts/android/ui/CardsWorkspace2.kt
          grep -q 'focusedTextColor = Color.Black' android/app/src/main/java/io/github/retrofrost/cts/android/ui/CardsWorkspace2.kt
          grep -q 'modelMode = if (sealedReference) ModelMode.ExactReference else modelMode' android/app/src/main/java/io/github/retrofrost/cts/android/model/CtsProject.kt
          ! grep -q 'Reference settings' android/app/src/main/java/io/github/retrofrost/cts/android/ui/CardsWorkspace2.kt
          ! grep -q 'onChooseBackground' android/app/src/main/java/io/github/retrofrost/cts/android/ui/CardsWorkspace2.kt

      - name: Set up Python
        uses: actions/setup-python@v5
        with:
          python-version: "3.12"

      - name: Verify shared contract
        run: python tools/sync_shared_contract.py --check

      - name: Set up JDK 17
        uses: actions/setup-java@v4
        with:
          distribution: temurin
          java-version: "17"

      - name: Set up Gradle 8.13
        uses: gradle/actions/setup-gradle@v4
        with:
          gradle-version: "8.13"

      - name: Build CTS 2.0.0 validation APK
        shell: bash
        run: |
          set -o pipefail
          gradle --project-dir android :app:assembleDebug --stacktrace --console=plain 2>&1 | tee android/gradle-cts2-reference-lock.log

      - name: Run unit tests
        shell: bash
        run: |
          set -o pipefail
          gradle --project-dir android :app:testDebugUnitTest --stacktrace --console=plain 2>&1 | tee android/gradle-cts2-reference-tests.log

      - name: Commit tested integration
        shell: bash
        run: |
          git config user.name "github-actions[bot]"
          git config user.email "41898282+github-actions[bot]@users.noreply.github.com"
          git add \
            android/app/src/main/java/io/github/retrofrost/cts/android/ui/CtsAppV2.kt \
            android/app/src/main/java/io/github/retrofrost/cts/android/ui/ProgramMonitor.kt \
            android/app/src/main/java/io/github/retrofrost/cts/android/export/ReferenceFrameRenderer.kt \
            android/app/src/main/java/io/github/retrofrost/cts/android/export/ReferenceOverlayRenderer.kt \
            android/app/src/main/java/io/github/retrofrost/cts/android/model/CtsProject.kt \
            android/app/src/main/java/io/github/retrofrost/cts/android/timeline/TimelineEngine.kt \
            android/app/src/test/java/io/github/retrofrost/cts/android/model/CtsProjectTest.kt \
            android/app/src/test/java/io/github/retrofrost/cts/android/timeline/TimelineEngineTest.kt \
            tools/apply_cts2_cards_workspace.py \
            tools/lock_android_reference_models.py \
            tools/apply_cts2_measured_reference_timeline.py
          if git diff --cached --quiet; then
            echo "Measured reference integration already committed"
          else
            git commit -m "Match CTS 2.0 to full reference video clocks"
            git pull --rebase origin android
            git push origin HEAD:android
          fi

      - name: Upload validation logs only
        if: always()
        uses: actions/upload-artifact@v4
        with:
          name: CTS-2.0-full-reference-validation-logs
          path: |
            android/gradle-cts2-reference-lock.log
            android/gradle-cts2-reference-tests.log
          if-no-files-found: ignore
